
Microsoft Visual Studio Solution File, Format Version 12.00
# Visual Studio 14
VisualStudioVersion = 14.0.25420.1
MinimumVisualStudioVersion = 10.0.40219.1
Project("{D954291E-2A0B-460D-934E-DC6B0785DB48}") = "FastSearcher", "FastSearcher\FastSearcher.shproj", "{FEA28A4C-EC42-4528-B03C-6F9AE8DEE65C}"
EndProject
Project("{FAE04EC0-301F-11D3-BF4B-00C04F79EFBC}") = "FastSearcher81", "FastSearcher81\FastSearcher81.csproj", "{4D9AE666-2CC1-491D-9E61-373D26E419DB}"
EndProject
Global
	GlobalSection(SharedMSBuildProjectFiles) = preSolution
		FastSearcher\FastSearcher.projitems*{4d9ae666-2cc1-491d-9e61-373d26e419db}*SharedItemsImports = 4
		FastSearcher\FastSearcher.projitems*{fea28a4c-ec42-4528-b03c-6f9ae8dee65c}*SharedItemsImports = 13
	EndGlobalSection
	GlobalSection(SolutionConfigurationPlatforms) = preSolution
		Debug|Any CPU = Debug|Any CPU
		Debug|ARM = Debug|ARM
		Debug|x86 = Debug|x86
		Release|Any CPU = Release|Any CPU
		Release|ARM = Release|ARM
		Release|x86 = Release|x86
	EndGlobalSection
	GlobalSection(ProjectConfigurationPlatforms) = postSolution
		{4D9AE666-2CC1-491D-9E61-373D26E419DB}.Debug|Any CPU.ActiveCfg = Debug|Any CPU
		{4D9AE666-2CC1-491D-9E61-373D26E419DB}.Debug|Any CPU.Build.0 = Debug|Any CPU
		{4D9AE666-2CC1-491D-9E61-373D26E419DB}.Debug|Any CPU.Deploy.0 = Debug|Any CPU
		{4D9AE666-2CC1-491D-9E61-373D26E419DB}.Debug|ARM.ActiveCfg = Debug|ARM
		{4D9AE666-2CC1-491D-9E61-373D26E419DB}.Debug|ARM.Build.0 = Debug|ARM
		{4D9AE666-2CC1-491D-9E61-373D26E419DB}.Debug|ARM.Deploy.0 = Debug|ARM
		{4D9AE666-2CC1-491D-9E61-373D26E419DB}.Debug|x86.ActiveCfg = Debug|x86
		{4D9AE666-2CC1-491D-9E61-373D26E419DB}.Debug|x86.Build.0 = Debug|x86
		{4D9AE666-2CC1-491D-9E61-373D26E419DB}.Debug|x86.Deploy.0 = Debug|x86
		{4D9AE666-2CC1-491D-9E61-373D26E419DB}.Release|Any CPU.ActiveCfg = Release|Any CPU
		{4D9AE666-2CC1-491D-9E61-373D26E419DB}.Release|Any CPU.Build.0 = Release|Any CPU
		{4D9AE666-2CC1-491D-9E61-373D26E419DB}.Release|Any CPU.Deploy.0 = Release|Any CPU
		{4D9AE666-2CC1-491D-9E61-373D26E419DB}.Release|ARM.ActiveCfg = Release|ARM
		{4D9AE666-2CC1-491D-9E61-373D26E419DB}.Release|ARM.Build.0 = Release|ARM
		{4D9AE666-2CC1-491D-9E61-373D26E419DB}.Release|ARM.Deploy.0 = Release|ARM
		{4D9AE666-2CC1-491D-9E61-373D26E419DB}.Release|x86.ActiveCfg = Release|x86
		{4D9AE666-2CC1-491D-9E61-373D26E419DB}.Release|x86.Build.0 = Release|x86
		{4D9AE666-2CC1-491D-9E61-373D26E419DB}.Release|x86.Deploy.0 = Release|x86
	EndGlobalSection
	GlobalSection(SolutionProperties) = preSolution
		HideSolutionNode = FALSE
	EndGlobalSection
EndGlobal
